
Microsoft Visual Studio Solution File, Format Version 12.00
# TcXaeShell Solution File, Format Version 11.00
VisualStudioVersion = 17.7.34302.85
MinimumVisualStudioVersion = 10.0.40219.1
Project("{DFBE7525-6864-4E62-8B2E-D530D69D9D96}") = "nepionic-cyclic", "main\nepionic-cyclic.tspproj", "{8C88B868-6D64-4885-8C71-E26737A5557C}"
EndProject
Global
	GlobalSection(SolutionConfigurationPlatforms) = preSolution
		Debug|TwinCAT OS (ARMV7-A) = Debug|TwinCAT OS (ARMV7-A)
		Debug|TwinCAT OS (ARMV7-M) = Debug|TwinCAT OS (ARMV7-M)
		Debug|TwinCAT OS (ARMV8-A) = Debug|TwinCAT OS (ARMV8-A)
		Debug|TwinCAT OS (x64) = Debug|TwinCAT OS (x64)
		Debug|TwinCAT RT (x64) = Debug|TwinCAT RT (x64)
		Debug|TwinCAT RT (x86) = Debug|TwinCAT RT (x86)
		Release|TwinCAT OS (ARMV7-A) = Release|TwinCAT OS (ARMV7-A)
		Release|TwinCAT OS (ARMV7-M) = Release|TwinCAT OS (ARMV7-M)
		Release|TwinCAT OS (ARMV8-A) = Release|TwinCAT OS (ARMV8-A)
		Release|TwinCAT OS (x64) = Release|TwinCAT OS (x64)
		Release|TwinCAT RT (x64) = Release|TwinCAT RT (x64)
		Release|TwinCAT RT (x86) = Release|TwinCAT RT (x86)
	EndGlobalSection
	GlobalSection(ProjectConfigurationPlatforms) = postSolution
		{8C88B868-6D64-4885-8C71-E26737A5557C}.Debug|TwinCAT OS (ARMV7-A).ActiveCfg = Debug|TwinCAT OS (ARMV7-A)
		{8C88B868-6D64-4885-8C71-E26737A5557C}.Debug|TwinCAT OS (ARMV7-A).Build.0 = Debug|TwinCAT OS (ARMV7-A)
		{8C88B868-6D64-4885-8C71-E26737A5557C}.Debug|TwinCAT OS (ARMV7-M).ActiveCfg = Debug|TwinCAT OS (ARMV7-M)
		{8C88B868-6D64-4885-8C71-E26737A5557C}.Debug|TwinCAT OS (ARMV7-M).Build.0 = Debug|TwinCAT OS (ARMV7-M)
		{8C88B868-6D64-4885-8C71-E26737A5557C}.Debug|TwinCAT OS (ARMV8-A).ActiveCfg = Debug|TwinCAT OS (ARMV8-A)
		{8C88B868-6D64-4885-8C71-E26737A5557C}.Debug|TwinCAT OS (ARMV8-A).Build.0 = Debug|TwinCAT OS (ARMV8-A)
		{8C88B868-6D64-4885-8C71-E26737A5557C}.Debug|TwinCAT OS (x64).ActiveCfg = Debug|TwinCAT OS (x64)
		{8C88B868-6D64-4885-8C71-E26737A5557C}.Debug|TwinCAT OS (x64).Build.0 = Debug|TwinCAT OS (x64)
		{8C88B868-6D64-4885-8C71-E26737A5557C}.Debug|TwinCAT RT (x64).ActiveCfg = Debug|TwinCAT RT (x64)
		{8C88B868-6D64-4885-8C71-E26737A5557C}.Debug|TwinCAT RT (x64).Build.0 = Debug|TwinCAT RT (x64)
		{8C88B868-6D64-4885-8C71-E26737A5557C}.Debug|TwinCAT RT (x86).ActiveCfg = Debug|TwinCAT RT (x86)
		{8C88B868-6D64-4885-8C71-E26737A5557C}.Debug|TwinCAT RT (x86).Build.0 = Debug|TwinCAT RT (x86)
		{8C88B868-6D64-4885-8C71-E26737A5557C}.Release|TwinCAT OS (ARMV7-A).ActiveCfg = Release|TwinCAT OS (ARMV7-A)
		{8C88B868-6D64-4885-8C71-E26737A5557C}.Release|TwinCAT OS (ARMV7-A).Build.0 = Release|TwinCAT OS (ARMV7-A)
		{8C88B868-6D64-4885-8C71-E26737A5557C}.Release|TwinCAT OS (ARMV7-M).ActiveCfg = Release|TwinCAT OS (ARMV7-M)
		{8C88B868-6D64-4885-8C71-E26737A5557C}.Release|TwinCAT OS (ARMV7-M).Build.0 = Release|TwinCAT OS (ARMV7-M)
		{8C88B868-6D64-4885-8C71-E26737A5557C}.Release|TwinCAT OS (ARMV8-A).ActiveCfg = Release|TwinCAT OS (ARMV8-A)
		{8C88B868-6D64-4885-8C71-E26737A5557C}.Release|TwinCAT OS (ARMV8-A).Build.0 = Release|TwinCAT OS (ARMV8-A)
		{8C88B868-6D64-4885-8C71-E26737A5557C}.Release|TwinCAT OS (x64).ActiveCfg = Release|TwinCAT OS (x64)
		{8C88B868-6D64-4885-8C71-E26737A5557C}.Release|TwinCAT OS (x64).Build.0 = Release|TwinCAT OS (x64)
		{8C88B868-6D64-4885-8C71-E26737A5557C}.Release|TwinCAT RT (x64).ActiveCfg = Release|TwinCAT RT (x64)
		{8C88B868-6D64-4885-8C71-E26737A5557C}.Release|TwinCAT RT (x64).Build.0 = Release|TwinCAT RT (x64)
		{8C88B868-6D64-4885-8C71-E26737A5557C}.Release|TwinCAT RT (x86).ActiveCfg = Release|TwinCAT RT (x86)
		{8C88B868-6D64-4885-8C71-E26737A5557C}.Release|TwinCAT RT (x86).Build.0 = Release|TwinCAT RT (x86)
		{A1C67B91-1855-4E07-AE38-8AF0E2F46C22}.Debug|TwinCAT OS (ARMV7-A).ActiveCfg = Debug|TwinCAT OS (ARMV7-A)
		{A1C67B91-1855-4E07-AE38-8AF0E2F46C22}.Debug|TwinCAT OS (ARMV7-A).Build.0 = Debug|TwinCAT OS (ARMV7-A)
		{A1C67B91-1855-4E07-AE38-8AF0E2F46C22}.Debug|TwinCAT OS (ARMV7-M).ActiveCfg = Debug|TwinCAT OS (ARMV7-M)
		{A1C67B91-1855-4E07-AE38-8AF0E2F46C22}.Debug|TwinCAT OS (ARMV7-M).Build.0 = Debug|TwinCAT OS (ARMV7-M)
		{A1C67B91-1855-4E07-AE38-8AF0E2F46C22}.Debug|TwinCAT OS (ARMV8-A).ActiveCfg = Debug|TwinCAT OS (ARMV8-A)
		{A1C67B91-1855-4E07-AE38-8AF0E2F46C22}.Debug|TwinCAT OS (ARMV8-A).Build.0 = Debug|TwinCAT OS (ARMV8-A)
		{A1C67B91-1855-4E07-AE38-8AF0E2F46C22}.Debug|TwinCAT OS (x64).ActiveCfg = Debug|TwinCAT OS (x64)
		{A1C67B91-1855-4E07-AE38-8AF0E2F46C22}.Debug|TwinCAT OS (x64).Build.0 = Debug|TwinCAT OS (x64)
		{A1C67B91-1855-4E07-AE38-8AF0E2F46C22}.Debug|TwinCAT RT (x64).ActiveCfg = Debug|TwinCAT RT (x64)
		{A1C67B91-1855-4E07-AE38-8AF0E2F46C22}.Debug|TwinCAT RT (x64).Build.0 = Debug|TwinCAT RT (x64)
		{A1C67B91-1855-4E07-AE38-8AF0E2F46C22}.Debug|TwinCAT RT (x86).ActiveCfg = Debug|TwinCAT RT (x86)
		{A1C67B91-1855-4E07-AE38-8AF0E2F46C22}.Debug|TwinCAT RT (x86).Build.0 = Debug|TwinCAT RT (x86)
		{A1C67B91-1855-4E07-AE38-8AF0E2F46C22}.Release|TwinCAT OS (ARMV7-A).ActiveCfg = Release|TwinCAT OS (ARMV7-A)
		{A1C67B91-1855-4E07-AE38-8AF0E2F46C22}.Release|TwinCAT OS (ARMV7-A).Build.0 = Release|TwinCAT OS (ARMV7-A)
		{A1C67B91-1855-4E07-AE38-8AF0E2F46C22}.Release|TwinCAT OS (ARMV7-M).ActiveCfg = Release|TwinCAT OS (ARMV7-M)
		{A1C67B91-1855-4E07-AE38-8AF0E2F46C22}.Release|TwinCAT OS (ARMV7-M).Build.0 = Release|TwinCAT OS (ARMV7-M)
		{A1C67B91-1855-4E07-AE38-8AF0E2F46C22}.Release|TwinCAT OS (ARMV8-A).ActiveCfg = Release|TwinCAT OS (ARMV8-A)
		{A1C67B91-1855-4E07-AE38-8AF0E2F46C22}.Release|TwinCAT OS (ARMV8-A).Build.0 = Release|TwinCAT OS (ARMV8-A)
		{A1C67B91-1855-4E07-AE38-8AF0E2F46C22}.Release|TwinCAT OS (x64).ActiveCfg = Release|TwinCAT OS (x64)
		{A1C67B91-1855-4E07-AE38-8AF0E2F46C22}.Release|TwinCAT OS (x64).Build.0 = Release|TwinCAT OS (x64)
		{A1C67B91-1855-4E07-AE38-8AF0E2F46C22}.Release|TwinCAT RT (x64).ActiveCfg = Release|TwinCAT RT (x64)
		{A1C67B91-1855-4E07-AE38-8AF0E2F46C22}.Release|TwinCAT RT (x64).Build.0 = Release|TwinCAT RT (x64)
		{A1C67B91-1855-4E07-AE38-8AF0E2F46C22}.Release|TwinCAT RT (x86).ActiveCfg = Release|TwinCAT RT (x86)
		{A1C67B91-1855-4E07-AE38-8AF0E2F46C22}.Release|TwinCAT RT (x86).Build.0 = Release|TwinCAT RT (x86)
	EndGlobalSection
	GlobalSection(SolutionProperties) = preSolution
		HideSolutionNode = FALSE
	EndGlobalSection
	GlobalSection(ExtensibilityGlobals) = postSolution
		SolutionGuid = {E6D89F7C-C2C5-48D8-A057-D15243C1601C}
	EndGlobalSection
EndGlobal
